
Microsoft Visual Studio Solution File, Format Version 12.00
# Visual Studio Version 16
VisualStudioVersion = 16.0.29613.14
MinimumVisualStudioVersion = 10.0.40219.1
Project("{FAE04EC0-301F-11D3-BF4B-00C04F79EFBC}") = "HomeWork 5", "HomeWork 5\HomeWork 5.csproj", "{8E180D5A-AAFC-4CA8-93BF-3FF17354125B}"
EndProject
Global
	GlobalSection(SolutionConfigurationPlatforms) = preSolution
		Debug|Any CPU = Debug|Any CPU
		Release|Any CPU = Release|Any CPU
	EndGlobalSection
	GlobalSection(ProjectConfigurationPlatforms) = postSolution
		{8E180D5A-AAFC-4CA8-93BF-3FF17354125B}.Debug|Any CPU.ActiveCfg = Debug|Any CPU
		{8E180D5A-AAFC-4CA8-93BF-3FF17354125B}.Debug|Any CPU.Build.0 = Debug|Any CPU
		{8E180D5A-AAFC-4CA8-93BF-3FF17354125B}.Release|Any CPU.ActiveCfg = Release|Any CPU
		{8E180D5A-AAFC-4CA8-93BF-3FF17354125B}.Release|Any CPU.Build.0 = Release|Any CPU
	EndGlobalSection
	GlobalSection(SolutionProperties) = preSolution
		HideSolutionNode = FALSE
	EndGlobalSection
	GlobalSection(ExtensibilityGlobals) = postSolution
		SolutionGuid = {282EC276-99D4-4FD9-A96A-ADA7CFC01FA1}
	EndGlobalSection
EndGlobal
